// !$*UTF8*$!
{
	archiveVersion = 1;
	classes = {
	};
	objectVersion = 56;
	objects = {

/* Begin PBXBuildFile section */
		77909678A564741D03F6075B /* Pods_Todoey.framework in Frameworks */ = {isa = PBXBuildFile; fileRef = 0A148C58D3BC7F671EDFD9DE /* Pods_Todoey.framework */; };
		88E464E1C86214D47A35DC90 /* Pods_Todoey_TodoeyUITests.framework in Frameworks */ = {isa = PBXBuildFile; fileRef = D3E523E8CC51D09B6D25B4B7 /* Pods_Todoey_TodoeyUITests.framework */; };
		B4324FEB2996619600DA002B /* DataModel.xcdatamodeld in Sources */ = {isa = PBXBuildFile; fileRef = B4324FE92996619600DA002B /* DataModel.xcdatamodeld */; };
		B487C9F729AB70A800C36F72 /* CategoryViewController.swift in Sources */ = {isa = PBXBuildFile; fileRef = B487C9F629AB70A800C36F72 /* CategoryViewController.swift */; };
		B4A7EFCB29AC6BEF005C18C1 /* Item.swift in Sources */ = {isa = PBXBuildFile; fileRef = B4A7EFCA29AC6BEF005C18C1 /* Item.swift */; };
		B4A7EFCD29AC6BFA005C18C1 /* Category.swift in Sources */ = {isa = PBXBuildFile; fileRef = B4A7EFCC29AC6BFA005C18C1 /* Category.swift */; };
		B4C6CEFD2995F015001BACA4 /* AppDelegate.swift in Sources */ = {isa = PBXBuildFile; fileRef = B4C6CEFC2995F015001BACA4 /* AppDelegate.swift */; };
		B4C6CEFF2995F015001BACA4 /* SceneDelegate.swift in Sources */ = {isa = PBXBuildFile; fileRef = B4C6CEFE2995F015001BACA4 /* SceneDelegate.swift */; };
		B4C6CF012995F015001BACA4 /* TodoListViewController.swift in Sources */ = {isa = PBXBuildFile; fileRef = B4C6CF002995F015001BACA4 /* TodoListViewController.swift */; };
		B4C6CF042995F015001BACA4 /* Main.storyboard in Resources */ = {isa = PBXBuildFile; fileRef = B4C6CF022995F015001BACA4 /* Main.storyboard */; };
		B4C6CF062995F015001BACA4 /* Assets.xcassets in Resources */ = {isa = PBXBuildFile; fileRef = B4C6CF052995F015001BACA4 /* Assets.xcassets */; };
		B4C6CF092995F015001BACA4 /* LaunchScreen.storyboard in Resources */ = {isa = PBXBuildFile; fileRef = B4C6CF072995F015001BACA4 /* LaunchScreen.storyboard */; };
		B4C6CF142995F015001BACA4 /* TodoeyTests.swift in Sources */ = {isa = PBXBuildFile; fileRef = B4C6CF132995F015001BACA4 /* TodoeyTests.swift */; };
		B4C6CF1E2995F015001BACA4 /* TodoeyUITests.swift in Sources */ = {isa = PBXBuildFile; fileRef = B4C6CF1D2995F015001BACA4 /* TodoeyUITests.swift */; };
		B4C6CF202995F015001BACA4 /* TodoeyUITestsLaunchTests.swift in Sources */ = {isa = PBXBuildFile; fileRef = B4C6CF1F2995F015001BACA4 /* TodoeyUITestsLaunchTests.swift */; };
		B4FDFDB229ADF09E002024A5 /* SwipeTableViewController.swift in Sources */ = {isa = PBXBuildFile; fileRef = B4FDFDB129ADF09E002024A5 /* SwipeTableViewController.swift */; };
		B691A74B827B9016EBF98E29 /* Pods_TodoeyTests.framework in Frameworks */ = {isa = PBXBuildFile; fileRef = 8FFE9F0CEC87117FCFC1C23B /* Pods_TodoeyTests.framework */; };
/* End PBXBuildFile section */

/* Begin PBXContainerItemProxy section */
		B4C6CF102995F015001BACA4 /* PBXContainerItemProxy */ = {
			isa = PBXContainerItemProxy;
			containerPortal = B4C6CEF12995F015001BACA4 /* Project object */;
			proxyType = 1;
			remoteGlobalIDString = B4C6CEF82995F015001BACA4;
			remoteInfo = Todoey;
		};
		B4C6CF1A2995F015001BACA4 /* PBXContainerItemProxy */ = {
			isa = PBXContainerItemProxy;
			containerPortal = B4C6CEF12995F015001BACA4 /* Project object */;
			proxyType = 1;
			remoteGlobalIDString = B4C6CEF82995F015001BACA4;
			remoteInfo = Todoey;
		};
/* End PBXContainerItemProxy section */

/* Begin PBXFileReference section */
		0A148C58D3BC7F671EDFD9DE /* Pods_Todoey.framework */ = {isa = PBXFileReference; explicitFileType = wrapper.framework; includeInIndex = 0; path = Pods_Todoey.framework; sourceTree = BUILT_PRODUCTS_DIR; };
		8FFE9F0CEC87117FCFC1C23B /* Pods_TodoeyTests.framework */ = {isa = PBXFileReference; explicitFileType = wrapper.framework; includeInIndex = 0; path = Pods_TodoeyTests.framework; sourceTree = BUILT_PRODUCTS_DIR; };
		9599514E69F02F0F8BE93074 /* Pods-TodoeyTests.release.xcconfig */ = {isa = PBXFileReference; includeInIndex = 1; lastKnownFileType = text.xcconfig; name = "Pods-TodoeyTests.release.xcconfig"; path = "Target Support Files/Pods-TodoeyTests/Pods-TodoeyTests.release.xcconfig"; sourceTree = "<group>"; };
		9ED01BB20B87015F39A088BB /* Pods-Todoey-TodoeyUITests.debug.xcconfig */ = {isa = PBXFileReference; includeInIndex = 1; lastKnownFileType = text.xcconfig; name = "Pods-Todoey-TodoeyUITests.debug.xcconfig"; path = "Target Support Files/Pods-Todoey-TodoeyUITests/Pods-Todoey-TodoeyUITests.debug.xcconfig"; sourceTree = "<group>"; };
		B4324FEA2996619600DA002B /* DataModel.xcdatamodel */ = {isa = PBXFileReference; lastKnownFileType = wrapper.xcdatamodel; path = DataModel.xcdatamodel; sourceTree = "<group>"; };
		B487C9F629AB70A800C36F72 /* CategoryViewController.swift */ = {isa = PBXFileReference; lastKnownFileType = sourcecode.swift; path = CategoryViewController.swift; sourceTree = "<group>"; };
		B4A7EFCA29AC6BEF005C18C1 /* Item.swift */ = {isa = PBXFileReference; lastKnownFileType = sourcecode.swift; path = Item.swift; sourceTree = "<group>"; };
		B4A7EFCC29AC6BFA005C18C1 /* Category.swift */ = {isa = PBXFileReference; lastKnownFileType = sourcecode.swift; path = Category.swift; sourceTree = "<group>"; };
		B4C6CEF92995F015001BACA4 /* Todoey.app */ = {isa = PBXFileReference; explicitFileType = wrapper.application; includeInIndex = 0; path = Todoey.app; sourceTree = BUILT_PRODUCTS_DIR; };
		B4C6CEFC2995F015001BACA4 /* AppDelegate.swift */ = {isa = PBXFileReference; lastKnownFileType = sourcecode.swift; path = AppDelegate.swift; sourceTree = "<group>"; };
		B4C6CEFE2995F015001BACA4 /* SceneDelegate.swift */ = {isa = PBXFileReference; lastKnownFileType = sourcecode.swift; path = SceneDelegate.swift; sourceTree = "<group>"; };
		B4C6CF002995F015001BACA4 /* TodoListViewController.swift */ = {isa = PBXFileReference; lastKnownFileType = sourcecode.swift; path = TodoListViewController.swift; sourceTree = "<group>"; };
		B4C6CF032995F015001BACA4 /* Base */ = {isa = PBXFileReference; lastKnownFileType = file.storyboard; name = Base; path = Base.lproj/Main.storyboard; sourceTree = "<group>"; };
		B4C6CF052995F015001BACA4 /* Assets.xcassets */ = {isa = PBXFileReference; lastKnownFileType = folder.assetcatalog; path = Assets.xcassets; sourceTree = "<group>"; };
		B4C6CF082995F015001BACA4 /* Base */ = {isa = PBXFileReference; lastKnownFileType = file.storyboard; name = Base; path = Base.lproj/LaunchScreen.storyboard; sourceTree = "<group>"; };
		B4C6CF0A2995F015001BACA4 /* Info.plist */ = {isa = PBXFileReference; lastKnownFileType = text.plist.xml; path = Info.plist; sourceTree = "<group>"; };
		B4C6CF0F2995F015001BACA4 /* TodoeyTests.xctest */ = {isa = PBXFileReference; explicitFileType = wrapper.cfbundle; includeInIndex = 0; path = TodoeyTests.xctest; sourceTree = BUILT_PRODUCTS_DIR; };
		B4C6CF132995F015001BACA4 /* TodoeyTests.swift */ = {isa = PBXFileReference; lastKnownFileType = sourcecode.swift; path = TodoeyTests.swift; sourceTree = "<group>"; };
		B4C6CF192995F015001BACA4 /* TodoeyUITests.xctest */ = {isa = PBXFileReference; explicitFileType = wrapper.cfbundle; includeInIndex = 0; path = TodoeyUITests.xctest; sourceTree = BUILT_PRODUCTS_DIR; };
		B4C6CF1D2995F015001BACA4 /* TodoeyUITests.swift */ = {isa = PBXFileReference; lastKnownFileType = sourcecode.swift; path = TodoeyUITests.swift; sourceTree = "<group>"; };
		B4C6CF1F2995F015001BACA4 /* TodoeyUITestsLaunchTests.swift */ = {isa = PBXFileReference; lastKnownFileType = sourcecode.swift; path = TodoeyUITestsLaunchTests.swift; sourceTree = "<group>"; };
		B4FDFDB129ADF09E002024A5 /* SwipeTableViewController.swift */ = {isa = PBXFileReference; lastKnownFileType = sourcecode.swift; path = SwipeTableViewController.swift; sourceTree = "<group>"; };
		CF1F81428E60683E5B793C38 /* Pods-Todoey.release.xcconfig */ = {isa = PBXFileReference; includeInIndex = 1; lastKnownFileType = text.xcconfig; name = "Pods-Todoey.release.xcconfig"; path = "Target Support Files/Pods-Todoey/Pods-Todoey.release.xcconfig"; sourceTree = "<group>"; };
		D3E523E8CC51D09B6D25B4B7 /* Pods_Todoey_TodoeyUITests.framework */ = {isa = PBXFileReference; explicitFileType = wrapper.framework; includeInIndex = 0; path = Pods_Todoey_TodoeyUITests.framework; sourceTree = BUILT_PRODUCTS_DIR; };
		D5864B188C1BEB0AC1A6C47A /* Pods-Todoey.debug.xcconfig */ = {isa = PBXFileReference; includeInIndex = 1; lastKnownFileType = text.xcconfig; name = "Pods-Todoey.debug.xcconfig"; path = "Target Support Files/Pods-Todoey/Pods-Todoey.debug.xcconfig"; sourceTree = "<group>"; };
		D82D067982C098CFDF0812ED /* Pods-Todoey-TodoeyUITests.release.xcconfig */ = {isa = PBXFileReference; includeInIndex = 1; lastKnownFileType = text.xcconfig; name = "Pods-Todoey-TodoeyUITests.release.xcconfig"; path = "Target Support Files/Pods-Todoey-TodoeyUITests/Pods-Todoey-TodoeyUITests.release.xcconfig"; sourceTree = "<group>"; };
		E4B1FE32E07DF8B4842A2339 /* Pods-TodoeyTests.debug.xcconfig */ = {isa = PBXFileReference; includeInIndex = 1; lastKnownFileType = text.xcconfig; name = "Pods-TodoeyTests.debug.xcconfig"; path = "Target Support Files/Pods-TodoeyTests/Pods-TodoeyTests.debug.xcconfig"; sourceTree = "<group>"; };
/* End PBXFileReference section */

/* Begin PBXFrameworksBuildPhase section */
		B4C6CEF62995F015001BACA4 /* Frameworks */ = {
			isa = PBXFrameworksBuildPhase;
			buildActionMask = 2147483647;
			files = (
				77909678A564741D03F6075B /* Pods_Todoey.framework in Frameworks */,
			);
			runOnlyForDeploymentPostprocessing = 0;
		};
		B4C6CF0C2995F015001BACA4 /* Frameworks */ = {
			isa = PBXFrameworksBuildPhase;
			buildActionMask = 2147483647;
			files = (
				B691A74B827B9016EBF98E29 /* Pods_TodoeyTests.framework in Frameworks */,
			);
			runOnlyForDeploymentPostprocessing = 0;
		};
		B4C6CF162995F015001BACA4 /* Frameworks */ = {
			isa = PBXFrameworksBuildPhase;
			buildActionMask = 2147483647;
			files = (
				88E464E1C86214D47A35DC90 /* Pods_Todoey_TodoeyUITests.framework in Frameworks */,
			);
			runOnlyForDeploymentPostprocessing = 0;
		};
/* End PBXFrameworksBuildPhase section */

/* Begin PBXGroup section */
		1E28B6DD638B49D534996754 /* Pods */ = {
			isa = PBXGroup;
			children = (
				D5864B188C1BEB0AC1A6C47A /* Pods-Todoey.debug.xcconfig */,
				CF1F81428E60683E5B793C38 /* Pods-Todoey.release.xcconfig */,
				9ED01BB20B87015F39A088BB /* Pods-Todoey-TodoeyUITests.debug.xcconfig */,
				D82D067982C098CFDF0812ED /* Pods-Todoey-TodoeyUITests.release.xcconfig */,
				E4B1FE32E07DF8B4842A2339 /* Pods-TodoeyTests.debug.xcconfig */,
				9599514E69F02F0F8BE93074 /* Pods-TodoeyTests.release.xcconfig */,
			);
			path = Pods;
			sourceTree = "<group>";
		};
		B43B65A6299632150097F958 /* Data Model */ = {
			isa = PBXGroup;
			children = (
				B4324FE92996619600DA002B /* DataModel.xcdatamodeld */,
				B4A7EFCA29AC6BEF005C18C1 /* Item.swift */,
				B4A7EFCC29AC6BFA005C18C1 /* Category.swift */,
			);
			path = "Data Model";
			sourceTree = "<group>";
		};
		B43B65A7299632210097F958 /* Controller */ = {
			isa = PBXGroup;
			children = (
				B4C6CF002995F015001BACA4 /* TodoListViewController.swift */,
				B487C9F629AB70A800C36F72 /* CategoryViewController.swift */,
				B4FDFDB129ADF09E002024A5 /* SwipeTableViewController.swift */,
			);
			path = Controller;
			sourceTree = "<group>";
		};
		B43B65A82996322F0097F958 /* Views */ = {
			isa = PBXGroup;
			children = (
				B4C6CF022995F015001BACA4 /* Main.storyboard */,
			);
			path = Views;
			sourceTree = "<group>";
		};
		B4C6CEF02995F015001BACA4 = {
			isa = PBXGroup;
			children = (
				B4C6CEFB2995F015001BACA4 /* Todoey */,
				B4C6CF122995F015001BACA4 /* TodoeyTests */,
				B4C6CF1C2995F015001BACA4 /* TodoeyUITests */,
				B4C6CEFA2995F015001BACA4 /* Products */,
				1E28B6DD638B49D534996754 /* Pods */,
				FD99B3684E59626A8217D907 /* Frameworks */,
			);
			sourceTree = "<group>";
		};
		B4C6CEFA2995F015001BACA4 /* Products */ = {
			isa = PBXGroup;
			children = (
				B4C6CEF92995F015001BACA4 /* Todoey.app */,
				B4C6CF0F2995F015001BACA4 /* TodoeyTests.xctest */,
				B4C6CF192995F015001BACA4 /* TodoeyUITests.xctest */,
			);
			name = Products;
			sourceTree = "<group>";
		};
		B4C6CEFB2995F015001BACA4 /* Todoey */ = {
			isa = PBXGroup;
			children = (
				B4C6CEFC2995F015001BACA4 /* AppDelegate.swift */,
				B4C6CEFE2995F015001BACA4 /* SceneDelegate.swift */,
				B43B65A7299632210097F958 /* Controller */,
				B43B65A82996322F0097F958 /* Views */,
				B4C6CF052995F015001BACA4 /* Assets.xcassets */,
				B4C6CF072995F015001BACA4 /* LaunchScreen.storyboard */,
				B4C6CF0A2995F015001BACA4 /* Info.plist */,
				B43B65A6299632150097F958 /* Data Model */,
			);
			path = Todoey;
			sourceTree = "<group>";
		};
		B4C6CF122995F015001BACA4 /* TodoeyTests */ = {
			isa = PBXGroup;
			children = (
				B4C6CF132995F015001BACA4 /* TodoeyTests.swift */,
			);
			path = TodoeyTests;
			sourceTree = "<group>";
		};
		B4C6CF1C2995F015001BACA4 /* TodoeyUITests */ = {
			isa = PBXGroup;
			children = (
				B4C6CF1D2995F015001BACA4 /* TodoeyUITests.swift */,
				B4C6CF1F2995F015001BACA4 /* TodoeyUITestsLaunchTests.swift */,
			);
			path = TodoeyUITests;
			sourceTree = "<group>";
		};
		FD99B3684E59626A8217D907 /* Frameworks */ = {
			isa = PBXGroup;
			children = (
				0A148C58D3BC7F671EDFD9DE /* Pods_Todoey.framework */,
				D3E523E8CC51D09B6D25B4B7 /* Pods_Todoey_TodoeyUITests.framework */,
				8FFE9F0CEC87117FCFC1C23B /* Pods_TodoeyTests.framework */,
			);
			name = Frameworks;
			sourceTree = "<group>";
		};
/* End PBXGroup section */

/* Begin PBXNativeTarget section */
		B4C6CEF82995F015001BACA4 /* Todoey */ = {
			isa = PBXNativeTarget;
			buildConfigurationList = B4C6CF232995F015001BACA4 /* Build configuration list for PBXNativeTarget "Todoey" */;
			buildPhases = (
				6CEBC8F0241F5FD55CCC2D28 /* [CP] Check Pods Manifest.lock */,
				B4C6CEF52995F015001BACA4 /* Sources */,
				B4C6CEF62995F015001BACA4 /* Frameworks */,
				B4C6CEF72995F015001BACA4 /* Resources */,
				771C4B1257B38BEA5D7935CF /* [CP] Embed Pods Frameworks */,
			);
			buildRules = (
			);
			dependencies = (
			);
			name = Todoey;
			productName = Todoey;
			productReference = B4C6CEF92995F015001BACA4 /* Todoey.app */;
			productType = "com.apple.product-type.application";
		};
		B4C6CF0E2995F015001BACA4 /* TodoeyTests */ = {
			isa = PBXNativeTarget;
			buildConfigurationList = B4C6CF262995F015001BACA4 /* Build configuration list for PBXNativeTarget "TodoeyTests" */;
			buildPhases = (
				95B35C4FDCBE516A15E45191 /* [CP] Check Pods Manifest.lock */,
				B4C6CF0B2995F015001BACA4 /* Sources */,
				B4C6CF0C2995F015001BACA4 /* Frameworks */,
				B4C6CF0D2995F015001BACA4 /* Resources */,
			);
			buildRules = (
			);
			dependencies = (
				B4C6CF112995F015001BACA4 /* PBXTargetDependency */,
			);
			name = TodoeyTests;
			productName = TodoeyTests;
			productReference = B4C6CF0F2995F015001BACA4 /* TodoeyTests.xctest */;
			productType = "com.apple.product-type.bundle.unit-test";
		};
		B4C6CF182995F015001BACA4 /* TodoeyUITests */ = {
			isa = PBXNativeTarget;
			buildConfigurationList = B4C6CF292995F015001BACA4 /* Build configuration list for PBXNativeTarget "TodoeyUITests" */;
			buildPhases = (
				00737C54568AA98483E1A072 /* [CP] Check Pods Manifest.lock */,
				B4C6CF152995F015001BACA4 /* Sources */,
				B4C6CF162995F015001BACA4 /* Frameworks */,
				B4C6CF172995F015001BACA4 /* Resources */,
				4458DE4F1B01A11FA002700A /* [CP] Embed Pods Frameworks */,
			);
			buildRules = (
			);
			dependencies = (
				B4C6CF1B2995F015001BACA4 /* PBXTargetDependency */,
			);
			name = TodoeyUITests;
			productName = TodoeyUITests;
			productReference = B4C6CF192995F015001BACA4 /* TodoeyUITests.xctest */;
			productType = "com.apple.product-type.bundle.ui-testing";
		};
/* End PBXNativeTarget section */

/* Begin PBXProject section */
		B4C6CEF12995F015001BACA4 /* Project object */ = {
			isa = PBXProject;
			attributes = {
				BuildIndependentTargetsInParallel = 1;
				LastSwiftUpdateCheck = 1410;
				LastUpgradeCheck = 1410;
				TargetAttributes = {
					B4C6CEF82995F015001BACA4 = {
						CreatedOnToolsVersion = 14.1;
					};
					B4C6CF0E2995F015001BACA4 = {
						CreatedOnToolsVersion = 14.1;
						TestTargetID = B4C6CEF82995F015001BACA4;
					};
					B4C6CF182995F015001BACA4 = {
						CreatedOnToolsVersion = 14.1;
						TestTargetID = B4C6CEF82995F015001BACA4;
					};
				};
			};
			buildConfigurationList = B4C6CEF42995F015001BACA4 /* Build configuration list for PBXProject "Todoey" */;
			compatibilityVersion = "Xcode 14.0";
			developmentRegion = en;
			hasScannedForEncodings = 0;
			knownRegions = (
				en,
				Base,
			);
			mainGroup = B4C6CEF02995F015001BACA4;
			productRefGroup = B4C6CEFA2995F015001BACA4 /* Products */;
			projectDirPath = "";
			projectRoot = "";
			targets = (
				B4C6CEF82995F015001BACA4 /* Todoey */,
				B4C6CF0E2995F015001BACA4 /* TodoeyTests */,
				B4C6CF182995F015001BACA4 /* TodoeyUITests */,
			);
		};
/* End PBXProject section */

/* Begin PBXResourcesBuildPhase section */
		B4C6CEF72995F015001BACA4 /* Resources */ = {
			isa = PBXResourcesBuildPhase;
			buildActionMask = 2147483647;
			files = (
				B4C6CF092995F015001BACA4 /* LaunchScreen.storyboard in Resources */,
				B4C6CF062995F015001BACA4 /* Assets.xcassets in Resources */,
				B4C6CF042995F015001BACA4 /* Main.storyboard in Resources */,
			);
			runOnlyForDeploymentPostprocessing = 0;
		};
		B4C6CF0D2995F015001BACA4 /* Resources */ = {
			isa = PBXResourcesBuildPhase;
			buildActionMask = 2147483647;
			files = (
			);
			runOnlyForDeploymentPostprocessing = 0;
		};
		B4C6CF172995F015001BACA4 /* Resources */ = {
			isa = PBXResourcesBuildPhase;
			buildActionMask = 2147483647;
			files = (
			);
			runOnlyForDeploymentPostprocessing = 0;
		};
/* End PBXResourcesBuildPhase section */

/* Begin PBXShellScriptBuildPhase section */
		00737C54568AA98483E1A072 /* [CP] Check Pods Manifest.lock */ = {
			isa = PBXShellScriptBuildPhase;
			buildActionMask = 2147483647;
			files = (
			);
			inputFileListPaths = (
			);
			inputPaths = (
				"${PODS_PODFILE_DIR_PATH}/Podfile.lock",
				"${PODS_ROOT}/Manifest.lock",
			);
			name = "[CP] Check Pods Manifest.lock";
			outputFileListPaths = (
			);
			outputPaths = (
				"$(DERIVED_FILE_DIR)/Pods-Todoey-TodoeyUITests-checkManifestLockResult.txt",
			);
			runOnlyForDeploymentPostprocessing = 0;
			shellPath = /bin/sh;
			shellScript = "diff \"${PODS_PODFILE_DIR_PATH}/Podfile.lock\" \"${PODS_ROOT}/Manifest.lock\" > /dev/null\nif [ $? != 0 ] ; then\n    # print error to STDERR\n    echo \"error: The sandbox is not in sync with the Podfile.lock. Run 'pod install' or update your CocoaPods installation.\" >&2\n    exit 1\nfi\n# This output is used by Xcode 'outputs' to avoid re-running this script phase.\necho \"SUCCESS\" > \"${SCRIPT_OUTPUT_FILE_0}\"\n";
			showEnvVarsInLog = 0;
		};
		4458DE4F1B01A11FA002700A /* [CP] Embed Pods Frameworks */ = {
			isa = PBXShellScriptBuildPhase;
			buildActionMask = 2147483647;
			files = (
			);
			inputFileListPaths = (
				"${PODS_ROOT}/Target Support Files/Pods-Todoey-TodoeyUITests/Pods-Todoey-TodoeyUITests-frameworks-${CONFIGURATION}-input-files.xcfilelist",
			);
			name = "[CP] Embed Pods Frameworks";
			outputFileListPaths = (
				"${PODS_ROOT}/Target Support Files/Pods-Todoey-TodoeyUITests/Pods-Todoey-TodoeyUITests-frameworks-${CONFIGURATION}-output-files.xcfilelist",
			);
			runOnlyForDeploymentPostprocessing = 0;
			shellPath = /bin/sh;
			shellScript = "\"${PODS_ROOT}/Target Support Files/Pods-Todoey-TodoeyUITests/Pods-Todoey-TodoeyUITests-frameworks.sh\"\n";
			showEnvVarsInLog = 0;
		};
		6CEBC8F0241F5FD55CCC2D28 /* [CP] Check Pods Manifest.lock */ = {
			isa = PBXShellScriptBuildPhase;
			buildActionMask = 2147483647;
			files = (
			);
			inputFileListPaths = (
			);
			inputPaths = (
				"${PODS_PODFILE_DIR_PATH}/Podfile.lock",
				"${PODS_ROOT}/Manifest.lock",
			);
			name = "[CP] Check Pods Manifest.lock";
			outputFileListPaths = (
			);
			outputPaths = (
				"$(DERIVED_FILE_DIR)/Pods-Todoey-checkManifestLockResult.txt",
			);
			runOnlyForDeploymentPostprocessing = 0;
			shellPath = /bin/sh;
			shellScript = "diff \"${PODS_PODFILE_DIR_PATH}/Podfile.lock\" \"${PODS_ROOT}/Manifest.lock\" > /dev/null\nif [ $? != 0 ] ; then\n    # print error to STDERR\n    echo \"error: The sandbox is not in sync with the Podfile.lock. Run 'pod install' or update your CocoaPods installation.\" >&2\n    exit 1\nfi\n# This output is used by Xcode 'outputs' to avoid re-running this script phase.\necho \"SUCCESS\" > \"${SCRIPT_OUTPUT_FILE_0}\"\n";
			showEnvVarsInLog = 0;
		};
		771C4B1257B38BEA5D7935CF /* [CP] Embed Pods Frameworks */ = {
			isa = PBXShellScriptBuildPhase;
			buildActionMask = 2147483647;
			files = (
			);
			inputFileListPaths = (
				"${PODS_ROOT}/Target Support Files/Pods-Todoey/Pods-Todoey-frameworks-${CONFIGURATION}-input-files.xcfilelist",
			);
			name = "[CP] Embed Pods Frameworks";
			outputFileListPaths = (
				"${PODS_ROOT}/Target Support Files/Pods-Todoey/Pods-Todoey-frameworks-${CONFIGURATION}-output-files.xcfilelist",
			);
			runOnlyForDeploymentPostprocessing = 0;
			shellPath = /bin/sh;
			shellScript = "\"${PODS_ROOT}/Target Support Files/Pods-Todoey/Pods-Todoey-frameworks.sh\"\n";
			showEnvVarsInLog = 0;
		};
		95B35C4FDCBE516A15E45191 /* [CP] Check Pods Manifest.lock */ = {
			isa = PBXShellScriptBuildPhase;
			buildActionMask = 2147483647;
			files = (
			);
			inputFileListPaths = (
			);
			inputPaths = (
				"${PODS_PODFILE_DIR_PATH}/Podfile.lock",
				"${PODS_ROOT}/Manifest.lock",
			);
			name = "[CP] Check Pods Manifest.lock";
			outputFileListPaths = (
			);
			outputPaths = (
				"$(DERIVED_FILE_DIR)/Pods-TodoeyTests-checkManifestLockResult.txt",
			);
			runOnlyForDeploymentPostprocessing = 0;
			shellPath = /bin/sh;
			shellScript = "diff \"${PODS_PODFILE_DIR_PATH}/Podfile.lock\" \"${PODS_ROOT}/Manifest.lock\" > /dev/null\nif [ $? != 0 ] ; then\n    # print error to STDERR\n    echo \"error: The sandbox is not in sync with the Podfile.lock. Run 'pod install' or update your CocoaPods installation.\" >&2\n    exit 1\nfi\n# This output is used by Xcode 'outputs' to avoid re-running this script phase.\necho \"SUCCESS\" > \"${SCRIPT_OUTPUT_FILE_0}\"\n";
			showEnvVarsInLog = 0;
		};
/* End PBXShellScriptBuildPhase section */

/* Begin PBXSourcesBuildPhase section */
		B4C6CEF52995F015001BACA4 /* Sources */ = {
			isa = PBXSourcesBuildPhase;
			buildActionMask = 2147483647;
			files = (
				B4FDFDB229ADF09E002024A5 /* SwipeTableViewController.swift in Sources */,
				B487C9F729AB70A800C36F72 /* CategoryViewController.swift in Sources */,
				B4324FEB2996619600DA002B /* DataModel.xcdatamodeld in Sources */,
				B4C6CF012995F015001BACA4 /* TodoListViewController.swift in Sources */,
				B4A7EFCB29AC6BEF005C18C1 /* Item.swift in Sources */,
				B4C6CEFD2995F015001BACA4 /* AppDelegate.swift in Sources */,
				B4C6CEFF2995F015001BACA4 /* SceneDelegate.swift in Sources */,
				B4A7EFCD29AC6BFA005C18C1 /* Category.swift in Sources */,
			);
			runOnlyForDeploymentPostprocessing = 0;
		};
		B4C6CF0B2995F015001BACA4 /* Sources */ = {
			isa = PBXSourcesBuildPhase;
			buildActionMask = 2147483647;
			files = (
				B4C6CF142995F015001BACA4 /* TodoeyTests.swift in Sources */,
			);
			runOnlyForDeploymentPostprocessing = 0;
		};
		B4C6CF152995F015001BACA4 /* Sources */ = {
			isa = PBXSourcesBuildPhase;
			buildActionMask = 2147483647;
			files = (
				B4C6CF202995F015001BACA4 /* TodoeyUITestsLaunchTests.swift in Sources */,
				B4C6CF1E2995F015001BACA4 /* TodoeyUITests.swift in Sources */,
			);
			runOnlyForDeploymentPostprocessing = 0;
		};
/* End PBXSourcesBuildPhase section */

/* Begin PBXTargetDependency section */
		B4C6CF112995F015001BACA4 /* PBXTargetDependency */ = {
			isa = PBXTargetDependency;
			target = B4C6CEF82995F015001BACA4 /* Todoey */;
			targetProxy = B4C6CF102995F015001BACA4 /* PBXContainerItemProxy */;
		};
		B4C6CF1B2995F015001BACA4 /* PBXTargetDependency */ = {
			isa = PBXTargetDependency;
			target = B4C6CEF82995F015001BACA4 /* Todoey */;
			targetProxy = B4C6CF1A2995F015001BACA4 /* PBXContainerItemProxy */;
		};
/* End PBXTargetDependency section */

/* Begin PBXVariantGroup section */
		B4C6CF022995F015001BACA4 /* Main.storyboard */ = {
			isa = PBXVariantGroup;
			children = (
				B4C6CF032995F015001BACA4 /* Base */,
			);
			name = Main.storyboard;
			sourceTree = "<group>";
		};
		B4C6CF072995F015001BACA4 /* LaunchScreen.storyboard */ = {
			isa = PBXVariantGroup;
			children = (
				B4C6CF082995F015001BACA4 /* Base */,
			);
			name = LaunchScreen.storyboard;
			sourceTree = "<group>";
		};
/* End PBXVariantGroup section */

/* Begin XCBuildConfiguration section */
		B4C6CF212995F015001BACA4 /* Debug */ = {
			isa = XCBuildConfiguration;
			buildSettings = {
				ALWAYS_SEARCH_USER_PATHS = NO;
				CLANG_ANALYZER_NONNULL = YES;
				CLANG_ANALYZER_NUMBER_OBJECT_CONVERSION = YES_AGGRESSIVE;
				CLANG_CXX_LANGUAGE_STANDARD = "gnu++20";
				CLANG_ENABLE_MODULES = YES;
				CLANG_ENABLE_OBJC_ARC = YES;
				CLANG_ENABLE_OBJC_WEAK = YES;
				CLANG_WARN_BLOCK_CAPTURE_AUTORELEASING = YES;
				CLANG_WARN_BOOL_CONVERSION = YES;
				CLANG_WARN_COMMA = YES;
				CLANG_WARN_CONSTANT_CONVERSION = YES;
				CLANG_WARN_DEPRECATED_OBJC_IMPLEMENTATIONS = YES;
				CLANG_WARN_DIRECT_OBJC_ISA_USAGE = YES_ERROR;
				CLANG_WARN_DOCUMENTATION_COMMENTS = YES;
				CLANG_WARN_EMPTY_BODY = YES;
				CLANG_WARN_ENUM_CONVERSION = YES;
				CLANG_WARN_INFINITE_RECURSION = YES;
				CLANG_WARN_INT_CONVERSION = YES;
				CLANG_WARN_NON_LITERAL_NULL_CONVERSION = YES;
				CLANG_WARN_OBJC_IMPLICIT_RETAIN_SELF = YES;
				CLANG_WARN_OBJC_LITERAL_CONVERSION = YES;
				CLANG_WARN_OBJC_ROOT_CLASS = YES_ERROR;
				CLANG_WARN_QUOTED_INCLUDE_IN_FRAMEWORK_HEADER = YES;
				CLANG_WARN_RANGE_LOOP_ANALYSIS = YES;
				CLANG_WARN_STRICT_PROTOTYPES = YES;
				CLANG_WARN_SUSPICIOUS_MOVE = YES;
				CLANG_WARN_UNGUARDED_AVAILABILITY = YES_AGGRESSIVE;
				CLANG_WARN_UNREACHABLE_CODE = YES;
				CLANG_WARN__DUPLICATE_METHOD_MATCH = YES;
				COPY_PHASE_STRIP = NO;
				DEBUG_INFORMATION_FORMAT = dwarf;
				ENABLE_STRICT_OBJC_MSGSEND = YES;
				ENABLE_TESTABILITY = YES;
				GCC_C_LANGUAGE_STANDARD = gnu11;
				GCC_DYNAMIC_NO_PIC = NO;
				GCC_NO_COMMON_BLOCKS = YES;
				GCC_OPTIMIZATION_LEVEL = 0;
				GCC_PREPROCESSOR_DEFINITIONS = (
					"DEBUG=1",
					"$(inherited)",
				);
				GCC_WARN_64_TO_32_BIT_CONVERSION = YES;
				GCC_WARN_ABOUT_RETURN_TYPE = YES_ERROR;
				GCC_WARN_UNDECLARED_SELECTOR = YES;
				GCC_WARN_UNINITIALIZED_AUTOS = YES_AGGRESSIVE;
				GCC_WARN_UNUSED_FUNCTION = YES;
				GCC_WARN_UNUSED_VARIABLE = YES;
				IPHONEOS_DEPLOYMENT_TARGET = 16.1;
				MTL_ENABLE_DEBUG_INFO = INCLUDE_SOURCE;
				MTL_FAST_MATH = YES;
				ONLY_ACTIVE_ARCH = YES;
				SDKROOT = iphoneos;
				SWIFT_ACTIVE_COMPILATION_CONDITIONS = DEBUG;
				SWIFT_OPTIMIZATION_LEVEL = "-Onone";
			};
			name = Debug;
		};
		B4C6CF222995F015001BACA4 /* Release */ = {
			isa = XCBuildConfiguration;
			buildSettings = {
				ALWAYS_SEARCH_USER_PATHS = NO;
				CLANG_ANALYZER_NONNULL = YES;
				CLANG_ANALYZER_NUMBER_OBJECT_CONVERSION = YES_AGGRESSIVE;
				CLANG_CXX_LANGUAGE_STANDARD = "gnu++20";
				CLANG_ENABLE_MODULES = YES;
				CLANG_ENABLE_OBJC_ARC = YES;
				CLANG_ENABLE_OBJC_WEAK = YES;
				CLANG_WARN_BLOCK_CAPTURE_AUTORELEASING = YES;
				CLANG_WARN_BOOL_CONVERSION = YES;
				CLANG_WARN_COMMA = YES;
				CLANG_WARN_CONSTANT_CONVERSION = YES;
				CLANG_WARN_DEPRECATED_OBJC_IMPLEMENTATIONS = YES;
				CLANG_WARN_DIRECT_OBJC_ISA_USAGE = YES_ERROR;
				CLANG_WARN_DOCUMENTATION_COMMENTS = YES;
				CLANG_WARN_EMPTY_BODY = YES;
				CLANG_WARN_ENUM_CONVERSION = YES;
				CLANG_WARN_INFINITE_RECURSION = YES;
				CLANG_WARN_INT_CONVERSION = YES;
				CLANG_WARN_NON_LITERAL_NULL_CONVERSION = YES;
				CLANG_WARN_OBJC_IMPLICIT_RETAIN_SELF = YES;
				CLANG_WARN_OBJC_LITERAL_CONVERSION = YES;
				CLANG_WARN_OBJC_ROOT_CLASS = YES_ERROR;
				CLANG_WARN_QUOTED_INCLUDE_IN_FRAMEWORK_HEADER = YES;
				CLANG_WARN_RANGE_LOOP_ANALYSIS = YES;
				CLANG_WARN_STRICT_PROTOTYPES = YES;
				CLANG_WARN_SUSPICIOUS_MOVE = YES;
				CLANG_WARN_UNGUARDED_AVAILABILITY = YES_AGGRESSIVE;
				CLANG_WARN_UNREACHABLE_CODE = YES;
				CLANG_WARN__DUPLICATE_METHOD_MATCH = YES;
				COPY_PHASE_STRIP = NO;
				DEBUG_INFORMATION_FORMAT = "dwarf-with-dsym";
				ENABLE_NS_ASSERTIONS = NO;
				ENABLE_STRICT_OBJC_MSGSEND = YES;
				GCC_C_LANGUAGE_STANDARD = gnu11;
				GCC_NO_COMMON_BLOCKS = YES;
				GCC_WARN_64_TO_32_BIT_CONVERSION = YES;
				GCC_WARN_ABOUT_RETURN_TYPE = YES_ERROR;
				GCC_WARN_UNDECLARED_SELECTOR = YES;
				GCC_WARN_UNINITIALIZED_AUTOS = YES_AGGRESSIVE;
				GCC_WARN_UNUSED_FUNCTION = YES;
				GCC_WARN_UNUSED_VARIABLE = YES;
				IPHONEOS_DEPLOYMENT_TARGET = 16.1;
				MTL_ENABLE_DEBUG_INFO = NO;
				MTL_FAST_MATH = YES;
				SDKROOT = iphoneos;
				SWIFT_COMPILATION_MODE = wholemodule;
				SWIFT_OPTIMIZATION_LEVEL = "-O";
				VALIDATE_PRODUCT = YES;
			};
			name = Release;
		};
		B4C6CF242995F015001BACA4 /* Debug */ = {
			isa = XCBuildConfiguration;
			baseConfigurationReference = D5864B188C1BEB0AC1A6C47A /* Pods-Todoey.debug.xcconfig */;
			buildSettings = {
				ASSETCATALOG_COMPILER_APPICON_NAME = AppIcon;
				ASSETCATALOG_COMPILER_GLOBAL_ACCENT_COLOR_NAME = AccentColor;
				CODE_SIGN_STYLE = Automatic;
				CURRENT_PROJECT_VERSION = 1;
				DEVELOPMENT_TEAM = GHTUG2YU8H;
				GENERATE_INFOPLIST_FILE = YES;
				INFOPLIST_FILE = Todoey/Info.plist;
				INFOPLIST_KEY_UIApplicationSupportsIndirectInputEvents = YES;
				INFOPLIST_KEY_UILaunchStoryboardName = LaunchScreen;
				INFOPLIST_KEY_UIMainStoryboardFile = Main;
				INFOPLIST_KEY_UISupportedInterfaceOrientations_iPad = "UIInterfaceOrientationPortrait UIInterfaceOrientationPortraitUpsideDown UIInterfaceOrientationLandscapeLeft UIInterfaceOrientationLandscapeRight";
				INFOPLIST_KEY_UISupportedInterfaceOrientations_iPhone = "UIInterfaceOrientationPortrait UIInterfaceOrientationLandscapeLeft UIInterfaceOrientationLandscapeRight";
				LD_RUNPATH_SEARCH_PATHS = (
					"$(inherited)",
					"@executable_path/Frameworks",
				);
				MARKETING_VERSION = 1.0;
				PRODUCT_BUNDLE_IDENTIFIER = com.seanka.Todoey;
				PRODUCT_NAME = "$(TARGET_NAME)";
				SWIFT_EMIT_LOC_STRINGS = YES;
				SWIFT_VERSION = 5.0;
				TARGETED_DEVICE_FAMILY = "1,2";
			};
			name = Debug;
		};
		B4C6CF252995F015001BACA4 /* Release */ = {
			isa = XCBuildConfiguration;
			baseConfigurationReference = CF1F81428E60683E5B793C38 /* Pods-Todoey.release.xcconfig */;
			buildSettings = {
				ASSETCATALOG_COMPILER_APPICON_NAME = AppIcon;
				ASSETCATALOG_COMPILER_GLOBAL_ACCENT_COLOR_NAME = AccentColor;
				CODE_SIGN_STYLE = Automatic;
				CURRENT_PROJECT_VERSION = 1;
				DEVELOPMENT_TEAM = GHTUG2YU8H;
				GENERATE_INFOPLIST_FILE = YES;
				INFOPLIST_FILE = Todoey/Info.plist;
				INFOPLIST_KEY_UIApplicationSupportsIndirectInputEvents = YES;
				INFOPLIST_KEY_UILaunchStoryboardName = LaunchScreen;
				INFOPLIST_KEY_UIMainStoryboardFile = Main;
				INFOPLIST_KEY_UISupportedInterfaceOrientations_iPad = "UIInterfaceOrientationPortrait UIInterfaceOrientationPortraitUpsideDown UIInterfaceOrientationLandscapeLeft UIInterfaceOrientationLandscapeRight";
				INFOPLIST_KEY_UISupportedInterfaceOrientations_iPhone = "UIInterfaceOrientationPortrait UIInterfaceOrientationLandscapeLeft UIInterfaceOrientationLandscapeRight";
				LD_RUNPATH_SEARCH_PATHS = (
					"$(inherited)",
					"@executable_path/Frameworks",
				);
				MARKETING_VERSION = 1.0;
				PRODUCT_BUNDLE_IDENTIFIER = com.seanka.Todoey;
				PRODUCT_NAME = "$(TARGET_NAME)";
				SWIFT_EMIT_LOC_STRINGS = YES;
				SWIFT_VERSION = 5.0;
				TARGETED_DEVICE_FAMILY = "1,2";
			};
			name = Release;
		};
		B4C6CF272995F015001BACA4 /* Debug */ = {
			isa = XCBuildConfiguration;
			baseConfigurationReference = E4B1FE32E07DF8B4842A2339 /* Pods-TodoeyTests.debug.xcconfig */;
			buildSettings = {
				ALWAYS_EMBED_SWIFT_STANDARD_LIBRARIES = YES;
				BUNDLE_LOADER = "$(TEST_HOST)";
				CODE_SIGN_STYLE = Automatic;
				CURRENT_PROJECT_VERSION = 1;
				DEVELOPMENT_TEAM = GHTUG2YU8H;
				GENERATE_INFOPLIST_FILE = YES;
				IPHONEOS_DEPLOYMENT_TARGET = 16.1;
				MARKETING_VERSION = 1.0;
				PRODUCT_BUNDLE_IDENTIFIER = com.seanka.TodoeyTests;
				PRODUCT_NAME = "$(TARGET_NAME)";
				SWIFT_EMIT_LOC_STRINGS = NO;
				SWIFT_VERSION = 5.0;
				TARGETED_DEVICE_FAMILY = "1,2";
				TEST_HOST = "$(BUILT_PRODUCTS_DIR)/Todoey.app/$(BUNDLE_EXECUTABLE_FOLDER_PATH)/Todoey";
			};
			name = Debug;
		};
		B4C6CF282995F015001BACA4 /* Release */ = {
			isa = XCBuildConfiguration;
			baseConfigurationReference = 9599514E69F02F0F8BE93074 /* Pods-TodoeyTests.release.xcconfig */;
			buildSettings = {
				ALWAYS_EMBED_SWIFT_STANDARD_LIBRARIES = YES;
				BUNDLE_LOADER = "$(TEST_HOST)";
				CODE_SIGN_STYLE = Automatic;
				CURRENT_PROJECT_VERSION = 1;
				DEVELOPMENT_TEAM = GHTUG2YU8H;
				GENERATE_INFOPLIST_FILE = YES;
				IPHONEOS_DEPLOYMENT_TARGET = 16.1;
				MARKETING_VERSION = 1.0;
				PRODUCT_BUNDLE_IDENTIFIER = com.seanka.TodoeyTests;
				PRODUCT_NAME = "$(TARGET_NAME)";
				SWIFT_EMIT_LOC_STRINGS = NO;
				SWIFT_VERSION = 5.0;
				TARGETED_DEVICE_FAMILY = "1,2";
				TEST_HOST = "$(BUILT_PRODUCTS_DIR)/Todoey.app/$(BUNDLE_EXECUTABLE_FOLDER_PATH)/Todoey";
			};
			name = Release;
		};
		B4C6CF2A2995F015001BACA4 /* Debug */ = {
			isa = XCBuildConfiguration;
			baseConfigurationReference = 9ED01BB20B87015F39A088BB /* Pods-Todoey-TodoeyUITests.debug.xcconfig */;
			buildSettings = {
				ALWAYS_EMBED_SWIFT_STANDARD_LIBRARIES = YES;
				CODE_SIGN_STYLE = Automatic;
				CURRENT_PROJECT_VERSION = 1;
				DEVELOPMENT_TEAM = GHTUG2YU8H;
				GENERATE_INFOPLIST_FILE = YES;
				MARKETING_VERSION = 1.0;
				PRODUCT_BUNDLE_IDENTIFIER = com.seanka.TodoeyUITests;
				PRODUCT_NAME = "$(TARGET_NAME)";
				SWIFT_EMIT_LOC_STRINGS = NO;
				SWIFT_VERSION = 5.0;
				TARGETED_DEVICE_FAMILY = "1,2";
				TEST_TARGET_NAME = Todoey;
			};
			name = Debug;
		};
		B4C6CF2B2995F015001BACA4 /* Release */ = {
			isa = XCBuildConfiguration;
			baseConfigurationReference = D82D067982C098CFDF0812ED /* Pods-Todoey-TodoeyUITests.release.xcconfig */;
			buildSettings = {
				ALWAYS_EMBED_SWIFT_STANDARD_LIBRARIES = YES;
				CODE_SIGN_STYLE = Automatic;
				CURRENT_PROJECT_VERSION = 1;
				DEVELOPMENT_TEAM = GHTUG2YU8H;
				GENERATE_INFOPLIST_FILE = YES;
				MARKETING_VERSION = 1.0;
				PRODUCT_BUNDLE_IDENTIFIER = com.seanka.TodoeyUITests;
				PRODUCT_NAME = "$(TARGET_NAME)";
				SWIFT_EMIT_LOC_STRINGS = NO;
				SWIFT_VERSION = 5.0;
				TARGETED_DEVICE_FAMILY = "1,2";
				TEST_TARGET_NAME = Todoey;
			};
			name = Release;
		};
/* End XCBuildConfiguration section */

/* Begin XCConfigurationList section */
		B4C6CEF42995F015001BACA4 /* Build configuration list for PBXProject "Todoey" */ = {
			isa = XCConfigurationList;
			buildConfigurations = (
				B4C6CF212995F015001BACA4 /* Debug */,
				B4C6CF222995F015001BACA4 /* Release */,
			);
			defaultConfigurationIsVisible = 0;
			defaultConfigurationName = Release;
		};
		B4C6CF232995F015001BACA4 /* Build configuration list for PBXNativeTarget "Todoey" */ = {
			isa = XCConfigurationList;
			buildConfigurations = (
				B4C6CF242995F015001BACA4 /* Debug */,
				B4C6CF252995F015001BACA4 /* Release */,
			);
			defaultConfigurationIsVisible = 0;
			defaultConfigurationName = Release;
		};
		B4C6CF262995F015001BACA4 /* Build configuration list for PBXNativeTarget "TodoeyTests" */ = {
			isa = XCConfigurationList;
			buildConfigurations = (
				B4C6CF272995F015001BACA4 /* Debug */,
				B4C6CF282995F015001BACA4 /* Release */,
			);
			defaultConfigurationIsVisible = 0;
			defaultConfigurationName = Release;
		};
		B4C6CF292995F015001BACA4 /* Build configuration list for PBXNativeTarget "TodoeyUITests" */ = {
			isa = XCConfigurationList;
			buildConfigurations = (
				B4C6CF2A2995F015001BACA4 /* Debug */,
				B4C6CF2B2995F015001BACA4 /* Release */,
			);
			defaultConfigurationIsVisible = 0;
			defaultConfigurationName = Release;
		};
/* End XCConfigurationList section */

/* Begin XCVersionGroup section */
		B4324FE92996619600DA002B /* DataModel.xcdatamodeld */ = {
			isa = XCVersionGroup;
			children = (
				B4324FEA2996619600DA002B /* DataModel.xcdatamodel */,
			);
			currentVersion = B4324FEA2996619600DA002B /* DataModel.xcdatamodel */;
			path = DataModel.xcdatamodeld;
			sourceTree = "<group>";
			versionGroupType = wrapper.xcdatamodel;
		};
/* End XCVersionGroup section */
	};
	rootObject = B4C6CEF12995F015001BACA4 /* Project object */;
}
